
Microsoft Visual Studio Solution File, Format Version 12.00
# Visual Studio 15
VisualStudioVersion = 15.0.26730.16
MinimumVisualStudioVersion = 10.0.40219.1
Project("{FAE04EC0-301F-11D3-BF4B-00C04F79EFBC}") = "Bank1", "Bank1\Bank1.csproj", "{5C27AAE9-D32F-42BB-A777-9FDBD92E559E}"
EndProject
Project("{FAE04EC0-301F-11D3-BF4B-00C04F79EFBC}") = "BankTests", "BankTests\BankTests.csproj", "{0A5E4894-8B0A-45B6-B8BE-5C8094B16F9C}"
EndProject
Global
	GlobalSection(SolutionConfigurationPlatforms) = preSolution
		Debug|Any CPU = Debug|Any CPU
		Release|Any CPU = Release|Any CPU
	EndGlobalSection
	GlobalSection(ProjectConfigurationPlatforms) = postSolution
		{5C27AAE9-D32F-42BB-A777-9FDBD92E559E}.Debug|Any CPU.ActiveCfg = Debug|Any CPU
		{5C27AAE9-D32F-42BB-A777-9FDBD92E559E}.Debug|Any CPU.Build.0 = Debug|Any CPU
		{5C27AAE9-D32F-42BB-A777-9FDBD92E559E}.Release|Any CPU.ActiveCfg = Release|Any CPU
		{5C27AAE9-D32F-42BB-A777-9FDBD92E559E}.Release|Any CPU.Build.0 = Release|Any CPU
		{0A5E4894-8B0A-45B6-B8BE-5C8094B16F9C}.Debug|Any CPU.ActiveCfg = Debug|Any CPU
		{0A5E4894-8B0A-45B6-B8BE-5C8094B16F9C}.Debug|Any CPU.Build.0 = Debug|Any CPU
		{0A5E4894-8B0A-45B6-B8BE-5C8094B16F9C}.Release|Any CPU.ActiveCfg = Release|Any CPU
		{0A5E4894-8B0A-45B6-B8BE-5C8094B16F9C}.Release|Any CPU.Build.0 = Release|Any CPU
	EndGlobalSection
	GlobalSection(SolutionProperties) = preSolution
		HideSolutionNode = FALSE
	EndGlobalSection
	GlobalSection(ExtensibilityGlobals) = postSolution
		SolutionGuid = {59022645-4CBC-4418-BCB4-E97967D18AE8}
	EndGlobalSection
EndGlobal
